<Solution>
  <Folder Name="/src/">
    <Project Path="src/FirstMud.Application/FirstMud.Application.csproj" />
    <Project Path="src/FirstMud.Domain/FirstMud.Domain.csproj" />
    <Project Path="src/FirstMud.Engine/FirstMud.Engine.csproj" />
    <Project Path="src/FirstMud.GameServer/FirstMud.GameServer.csproj" />
    <Project Path="src/FirstMud.Infrastructure/FirstMud.Infrastructure.csproj" />
  </Folder>
  <Folder Name="/tests/">
    <Project Path="tests/FirstMud.IntegrationTests/FirstMud.IntegrationTests.csproj" />
    <Project Path="tests/FirstMud.Tests/FirstMud.Tests.csproj" />
  </Folder>
</Solution>
